
Microsoft Visual Studio Solution File, Format Version 12.00
# Visual Studio Version 16
VisualStudioVersion = 16.0.30907.101
MinimumVisualStudioVersion = 10.0.40219.1
Project("{FAE04EC0-301F-11D3-BF4B-00C04F79EFBC}") = "RegisterAndLoginApp-2b-1", "RegisterAndLoginApp-2b-1\RegisterAndLoginApp-2b-1.csproj", "{2C778BA7-C4B0-4A9F-8B3D-BF0C856EB1CD}"
EndProject
Global
	GlobalSection(SolutionConfigurationPlatforms) = preSolution
		Debug|Any CPU = Debug|Any CPU
		Release|Any CPU = Release|Any CPU
	EndGlobalSection
	GlobalSection(ProjectConfigurationPlatforms) = postSolution
		{2C778BA7-C4B0-4A9F-8B3D-BF0C856EB1CD}.Debug|Any CPU.ActiveCfg = Debug|Any CPU
		{2C778BA7-C4B0-4A9F-8B3D-BF0C856EB1CD}.Debug|Any CPU.Build.0 = Debug|Any CPU
		{2C778BA7-C4B0-4A9F-8B3D-BF0C856EB1CD}.Release|Any CPU.ActiveCfg = Release|Any CPU
		{2C778BA7-C4B0-4A9F-8B3D-BF0C856EB1CD}.Release|Any CPU.Build.0 = Release|Any CPU
	EndGlobalSection
	GlobalSection(SolutionProperties) = preSolution
		HideSolutionNode = FALSE
	EndGlobalSection
	GlobalSection(ExtensibilityGlobals) = postSolution
		SolutionGuid = {39B33F75-147F-4D6E-8CF9-BF5CEDE113FD}
	EndGlobalSection
EndGlobal
